// !$*UTF8*$!
{
	archiveVersion = 1;
	classes = {
	};
	objectVersion = 56;
	objects = {

/* Begin PBXBuildFile section */
		BCD14DE02BC08AEC00D884B7 /* ShowDetailViewModel.swift in Sources */ = {isa = PBXBuildFile; fileRef = BCD14DDF2BC08AEC00D884B7 /* ShowDetailViewModel.swift */; };
		BCD14DE22BC08B5000D884B7 /* EndPoint.swift in Sources */ = {isa = PBXBuildFile; fileRef = BCD14DE12BC08B5000D884B7 /* EndPoint.swift */; };
		BCD14DE72BC0911F00D884B7 /* ShowDetailCodable.swift in Sources */ = {isa = PBXBuildFile; fileRef = BCD14DE62BC0911E00D884B7 /* ShowDetailCodable.swift */; };
		BCD14DEA2BC09B0B00D884B7 /* ShowDetailView.swift in Sources */ = {isa = PBXBuildFile; fileRef = BCD14DE92BC09B0B00D884B7 /* ShowDetailView.swift */; };
		BCD14DEC2BC13F7C00D884B7 /* Constants.swift in Sources */ = {isa = PBXBuildFile; fileRef = BCD14DEB2BC13F7C00D884B7 /* Constants.swift */; };
		BCD14DEF2BC13FDB00D884B7 /* ShowDetailService.swift in Sources */ = {isa = PBXBuildFile; fileRef = BCD14DEE2BC13FDB00D884B7 /* ShowDetailService.swift */; };
		BCD14DF42BC1490200D884B7 /* SeasonDetailService.swift in Sources */ = {isa = PBXBuildFile; fileRef = BCD14DF32BC1490200D884B7 /* SeasonDetailService.swift */; };
		BCD14DF72BC1493C00D884B7 /* NetworkServiceProtocol.swift in Sources */ = {isa = PBXBuildFile; fileRef = BCD14DF62BC1493C00D884B7 /* NetworkServiceProtocol.swift */; };
		BCD14DF92BC14EE700D884B7 /* SeasonDetailView.swift in Sources */ = {isa = PBXBuildFile; fileRef = BCD14DF82BC14EE700D884B7 /* SeasonDetailView.swift */; };
		BCD14DFE2BC14F1F00D884B7 /* SeasonDetailViewModel.swift in Sources */ = {isa = PBXBuildFile; fileRef = BCD14DFD2BC14F1F00D884B7 /* SeasonDetailViewModel.swift */; };
		BCD14E012BC14F8100D884B7 /* SeasonDetailCodable.swift in Sources */ = {isa = PBXBuildFile; fileRef = BCD14E002BC14F8100D884B7 /* SeasonDetailCodable.swift */; };
		BCD14E042BC1511000D884B7 /* Router.swift in Sources */ = {isa = PBXBuildFile; fileRef = BCD14E032BC1511000D884B7 /* Router.swift */; };
		BCD14E082BC21A9B00D884B7 /* SeasonListService.swift in Sources */ = {isa = PBXBuildFile; fileRef = BCD14E072BC21A9B00D884B7 /* SeasonListService.swift */; };
		BCD14E0B2BC21B6800D884B7 /* SeasonListCodable.swift in Sources */ = {isa = PBXBuildFile; fileRef = BCD14E0A2BC21B6800D884B7 /* SeasonListCodable.swift */; };
		BCD14E0E2BC21B9300D884B7 /* SeasonListViewModel.swift in Sources */ = {isa = PBXBuildFile; fileRef = BCD14E0D2BC21B9300D884B7 /* SeasonListViewModel.swift */; };
		BCD14E112BC21C2E00D884B7 /* SeasonListView.swift in Sources */ = {isa = PBXBuildFile; fileRef = BCD14E102BC21C2E00D884B7 /* SeasonListView.swift */; };
		BCD14E182BC2AF5E00D884B7 /* EpisodeDetailViewModel.swift in Sources */ = {isa = PBXBuildFile; fileRef = BCD14E172BC2AF5E00D884B7 /* EpisodeDetailViewModel.swift */; };
		BCD14E1C2BC2B03A00D884B7 /* EpisodeDetailView.swift in Sources */ = {isa = PBXBuildFile; fileRef = BCD14E1B2BC2B03A00D884B7 /* EpisodeDetailView.swift */; };
		BCD14E202BC2B7D900D884B7 /* VideoPlayerView.swift in Sources */ = {isa = PBXBuildFile; fileRef = BCD14E1F2BC2B7D900D884B7 /* VideoPlayerView.swift */; };
		BCD14E232BC2BDFA00D884B7 /* Extensions.swift in Sources */ = {isa = PBXBuildFile; fileRef = BCD14E222BC2BDFA00D884B7 /* Extensions.swift */; };
		BCF46D5F2BBDEA86004E53DD /* MovieDBSwiftUIApp.swift in Sources */ = {isa = PBXBuildFile; fileRef = BCF46D5E2BBDEA86004E53DD /* MovieDBSwiftUIApp.swift */; };
		BCF46D612BBDEA86004E53DD /* ContentView.swift in Sources */ = {isa = PBXBuildFile; fileRef = BCF46D602BBDEA86004E53DD /* ContentView.swift */; };
		BCF46D632BBDEA88004E53DD /* Assets.xcassets in Resources */ = {isa = PBXBuildFile; fileRef = BCF46D622BBDEA88004E53DD /* Assets.xcassets */; };
		BCF46D662BBDEA88004E53DD /* Preview Assets.xcassets in Resources */ = {isa = PBXBuildFile; fileRef = BCF46D652BBDEA88004E53DD /* Preview Assets.xcassets */; };
		CFA2FCFB5A5BD9D338BEF315 /* Pods_MovieDBSwiftUI.framework in Frameworks */ = {isa = PBXBuildFile; fileRef = 4F75181DEBD88A6C40FDD5E0 /* Pods_MovieDBSwiftUI.framework */; };
/* End PBXBuildFile section */

/* Begin PBXCopyFilesBuildPhase section */
		BCF46DB12BBDF77E004E53DD /* Embed Frameworks */ = {
			isa = PBXCopyFilesBuildPhase;
			buildActionMask = 2147483647;
			dstPath = "";
			dstSubfolderSpec = 10;
			files = (
			);
			name = "Embed Frameworks";
			runOnlyForDeploymentPostprocessing = 0;
		};
/* End PBXCopyFilesBuildPhase section */

/* Begin PBXFileReference section */
		4F75181DEBD88A6C40FDD5E0 /* Pods_MovieDBSwiftUI.framework */ = {isa = PBXFileReference; explicitFileType = wrapper.framework; includeInIndex = 0; path = Pods_MovieDBSwiftUI.framework; sourceTree = BUILT_PRODUCTS_DIR; };
		56BCF181BB7E1B17C044E85E /* Pods-MovieDBSwiftUI.release.xcconfig */ = {isa = PBXFileReference; includeInIndex = 1; lastKnownFileType = text.xcconfig; name = "Pods-MovieDBSwiftUI.release.xcconfig"; path = "Target Support Files/Pods-MovieDBSwiftUI/Pods-MovieDBSwiftUI.release.xcconfig"; sourceTree = "<group>"; };
		9739F8EB4A90EB1A0BD43038 /* Pods-MovieDBSwiftUI.debug.xcconfig */ = {isa = PBXFileReference; includeInIndex = 1; lastKnownFileType = text.xcconfig; name = "Pods-MovieDBSwiftUI.debug.xcconfig"; path = "Target Support Files/Pods-MovieDBSwiftUI/Pods-MovieDBSwiftUI.debug.xcconfig"; sourceTree = "<group>"; };
		BCD14DDF2BC08AEC00D884B7 /* ShowDetailViewModel.swift */ = {isa = PBXFileReference; lastKnownFileType = sourcecode.swift; path = ShowDetailViewModel.swift; sourceTree = "<group>"; };
		BCD14DE12BC08B5000D884B7 /* EndPoint.swift */ = {isa = PBXFileReference; lastKnownFileType = sourcecode.swift; path = EndPoint.swift; sourceTree = "<group>"; };
		BCD14DE62BC0911E00D884B7 /* ShowDetailCodable.swift */ = {isa = PBXFileReference; lastKnownFileType = sourcecode.swift; path = ShowDetailCodable.swift; sourceTree = "<group>"; };
		BCD14DE92BC09B0B00D884B7 /* ShowDetailView.swift */ = {isa = PBXFileReference; lastKnownFileType = sourcecode.swift; path = ShowDetailView.swift; sourceTree = "<group>"; };
		BCD14DEB2BC13F7C00D884B7 /* Constants.swift */ = {isa = PBXFileReference; lastKnownFileType = sourcecode.swift; path = Constants.swift; sourceTree = "<group>"; };
		BCD14DEE2BC13FDB00D884B7 /* ShowDetailService.swift */ = {isa = PBXFileReference; lastKnownFileType = sourcecode.swift; path = ShowDetailService.swift; sourceTree = "<group>"; };
		BCD14DF32BC1490200D884B7 /* SeasonDetailService.swift */ = {isa = PBXFileReference; lastKnownFileType = sourcecode.swift; path = SeasonDetailService.swift; sourceTree = "<group>"; };
		BCD14DF62BC1493C00D884B7 /* NetworkServiceProtocol.swift */ = {isa = PBXFileReference; lastKnownFileType = sourcecode.swift; path = NetworkServiceProtocol.swift; sourceTree = "<group>"; };
		BCD14DF82BC14EE700D884B7 /* SeasonDetailView.swift */ = {isa = PBXFileReference; lastKnownFileType = sourcecode.swift; path = SeasonDetailView.swift; sourceTree = "<group>"; };
		BCD14DFD2BC14F1F00D884B7 /* SeasonDetailViewModel.swift */ = {isa = PBXFileReference; lastKnownFileType = sourcecode.swift; path = SeasonDetailViewModel.swift; sourceTree = "<group>"; };
		BCD14E002BC14F8100D884B7 /* SeasonDetailCodable.swift */ = {isa = PBXFileReference; lastKnownFileType = sourcecode.swift; path = SeasonDetailCodable.swift; sourceTree = "<group>"; };
		BCD14E032BC1511000D884B7 /* Router.swift */ = {isa = PBXFileReference; lastKnownFileType = sourcecode.swift; path = Router.swift; sourceTree = "<group>"; };
		BCD14E072BC21A9B00D884B7 /* SeasonListService.swift */ = {isa = PBXFileReference; lastKnownFileType = sourcecode.swift; path = SeasonListService.swift; sourceTree = "<group>"; };
		BCD14E0A2BC21B6800D884B7 /* SeasonListCodable.swift */ = {isa = PBXFileReference; lastKnownFileType = sourcecode.swift; path = SeasonListCodable.swift; sourceTree = "<group>"; };
		BCD14E0D2BC21B9300D884B7 /* SeasonListViewModel.swift */ = {isa = PBXFileReference; lastKnownFileType = sourcecode.swift; path = SeasonListViewModel.swift; sourceTree = "<group>"; };
		BCD14E102BC21C2E00D884B7 /* SeasonListView.swift */ = {isa = PBXFileReference; lastKnownFileType = sourcecode.swift; path = SeasonListView.swift; sourceTree = "<group>"; };
		BCD14E172BC2AF5E00D884B7 /* EpisodeDetailViewModel.swift */ = {isa = PBXFileReference; lastKnownFileType = sourcecode.swift; path = EpisodeDetailViewModel.swift; sourceTree = "<group>"; };
		BCD14E1B2BC2B03A00D884B7 /* EpisodeDetailView.swift */ = {isa = PBXFileReference; lastKnownFileType = sourcecode.swift; path = EpisodeDetailView.swift; sourceTree = "<group>"; };
		BCD14E1F2BC2B7D900D884B7 /* VideoPlayerView.swift */ = {isa = PBXFileReference; lastKnownFileType = sourcecode.swift; path = VideoPlayerView.swift; sourceTree = "<group>"; };
		BCD14E222BC2BDFA00D884B7 /* Extensions.swift */ = {isa = PBXFileReference; lastKnownFileType = sourcecode.swift; path = Extensions.swift; sourceTree = "<group>"; };
		BCF46D5B2BBDEA86004E53DD /* MovieDBSwiftUI.app */ = {isa = PBXFileReference; explicitFileType = wrapper.application; includeInIndex = 0; path = MovieDBSwiftUI.app; sourceTree = BUILT_PRODUCTS_DIR; };
		BCF46D5E2BBDEA86004E53DD /* MovieDBSwiftUIApp.swift */ = {isa = PBXFileReference; lastKnownFileType = sourcecode.swift; path = MovieDBSwiftUIApp.swift; sourceTree = "<group>"; };
		BCF46D602BBDEA86004E53DD /* ContentView.swift */ = {isa = PBXFileReference; lastKnownFileType = sourcecode.swift; path = ContentView.swift; sourceTree = "<group>"; };
		BCF46D622BBDEA88004E53DD /* Assets.xcassets */ = {isa = PBXFileReference; lastKnownFileType = folder.assetcatalog; path = Assets.xcassets; sourceTree = "<group>"; };
		BCF46D652BBDEA88004E53DD /* Preview Assets.xcassets */ = {isa = PBXFileReference; lastKnownFileType = folder.assetcatalog; path = "Preview Assets.xcassets"; sourceTree = "<group>"; };
/* End PBXFileReference section */

/* Begin PBXFrameworksBuildPhase section */
		BCF46D582BBDEA86004E53DD /* Frameworks */ = {
			isa = PBXFrameworksBuildPhase;
			buildActionMask = 2147483647;
			files = (
				CFA2FCFB5A5BD9D338BEF315 /* Pods_MovieDBSwiftUI.framework in Frameworks */,
			);
			runOnlyForDeploymentPostprocessing = 0;
		};
/* End PBXFrameworksBuildPhase section */

/* Begin PBXGroup section */
		7258728867B47B7BFD85FA61 /* Pods */ = {
			isa = PBXGroup;
			children = (
				9739F8EB4A90EB1A0BD43038 /* Pods-MovieDBSwiftUI.debug.xcconfig */,
				56BCF181BB7E1B17C044E85E /* Pods-MovieDBSwiftUI.release.xcconfig */,
			);
			path = Pods;
			sourceTree = "<group>";
		};
		8E02B18A819DA033242D1E84 /* Frameworks */ = {
			isa = PBXGroup;
			children = (
				4F75181DEBD88A6C40FDD5E0 /* Pods_MovieDBSwiftUI.framework */,
			);
			name = Frameworks;
			sourceTree = "<group>";
		};
		BCD14DE32BC090FD00D884B7 /* ShowDetail */ = {
			isa = PBXGroup;
			children = (
				BCD14DED2BC13FCB00D884B7 /* Service */,
				BCD14DE82BC09B0000D884B7 /* View */,
				BCD14DE52BC0911000D884B7 /* Model */,
				BCD14DE42BC0910600D884B7 /* ViewModel */,
			);
			path = ShowDetail;
			sourceTree = "<group>";
		};
		BCD14DE42BC0910600D884B7 /* ViewModel */ = {
			isa = PBXGroup;
			children = (
				BCD14DDF2BC08AEC00D884B7 /* ShowDetailViewModel.swift */,
			);
			path = ViewModel;
			sourceTree = "<group>";
		};
		BCD14DE52BC0911000D884B7 /* Model */ = {
			isa = PBXGroup;
			children = (
				BCD14DE62BC0911E00D884B7 /* ShowDetailCodable.swift */,
			);
			path = Model;
			sourceTree = "<group>";
		};
		BCD14DE82BC09B0000D884B7 /* View */ = {
			isa = PBXGroup;
			children = (
				BCD14DE92BC09B0B00D884B7 /* ShowDetailView.swift */,
			);
			path = View;
			sourceTree = "<group>";
		};
		BCD14DED2BC13FCB00D884B7 /* Service */ = {
			isa = PBXGroup;
			children = (
				BCD14DEE2BC13FDB00D884B7 /* ShowDetailService.swift */,
			);
			path = Service;
			sourceTree = "<group>";
		};
		BCD14DF12BC148BA00D884B7 /* SeasonDetail */ = {
			isa = PBXGroup;
			children = (
				BCD14DFF2BC14F5A00D884B7 /* Model */,
				BCD14DFC2BC14F0E00D884B7 /* ViewModel */,
				BCD14DFA2BC14EF000D884B7 /* View */,
				BCD14DF22BC148F200D884B7 /* Service */,
			);
			path = SeasonDetail;
			sourceTree = "<group>";
		};
		BCD14DF22BC148F200D884B7 /* Service */ = {
			isa = PBXGroup;
			children = (
				BCD14DF32BC1490200D884B7 /* SeasonDetailService.swift */,
			);
			path = Service;
			sourceTree = "<group>";
		};
		BCD14DF52BC1491700D884B7 /* Network */ = {
			isa = PBXGroup;
			children = (
				BCD14DE12BC08B5000D884B7 /* EndPoint.swift */,
				BCD14DF62BC1493C00D884B7 /* NetworkServiceProtocol.swift */,
			);
			path = Network;
			sourceTree = "<group>";
		};
		BCD14DFA2BC14EF000D884B7 /* View */ = {
			isa = PBXGroup;
			children = (
				BCD14DF82BC14EE700D884B7 /* SeasonDetailView.swift */,
			);
			path = View;
			sourceTree = "<group>";
		};
		BCD14DFC2BC14F0E00D884B7 /* ViewModel */ = {
			isa = PBXGroup;
			children = (
				BCD14DFD2BC14F1F00D884B7 /* SeasonDetailViewModel.swift */,
			);
			path = ViewModel;
			sourceTree = "<group>";
		};
		BCD14DFF2BC14F5A00D884B7 /* Model */ = {
			isa = PBXGroup;
			children = (
				BCD14E002BC14F8100D884B7 /* SeasonDetailCodable.swift */,
			);
			path = Model;
			sourceTree = "<group>";
		};
		BCD14E022BC1510100D884B7 /* Router */ = {
			isa = PBXGroup;
			children = (
				BCD14E032BC1511000D884B7 /* Router.swift */,
			);
			path = Router;
			sourceTree = "<group>";
		};
		BCD14E052BC21A7200D884B7 /* SeasonList */ = {
			isa = PBXGroup;
			children = (
				BCD14E0F2BC21C2100D884B7 /* View */,
				BCD14E0C2BC21B7D00D884B7 /* ViewModel */,
				BCD14E092BC21B5E00D884B7 /* Model */,
				BCD14E062BC21A8C00D884B7 /* Service */,
			);
			path = SeasonList;
			sourceTree = "<group>";
		};
		BCD14E062BC21A8C00D884B7 /* Service */ = {
			isa = PBXGroup;
			children = (
				BCD14E072BC21A9B00D884B7 /* SeasonListService.swift */,
			);
			path = Service;
			sourceTree = "<group>";
		};
		BCD14E092BC21B5E00D884B7 /* Model */ = {
			isa = PBXGroup;
			children = (
				BCD14E0A2BC21B6800D884B7 /* SeasonListCodable.swift */,
			);
			path = Model;
			sourceTree = "<group>";
		};
		BCD14E0C2BC21B7D00D884B7 /* ViewModel */ = {
			isa = PBXGroup;
			children = (
				BCD14E0D2BC21B9300D884B7 /* SeasonListViewModel.swift */,
			);
			path = ViewModel;
			sourceTree = "<group>";
		};
		BCD14E0F2BC21C2100D884B7 /* View */ = {
			isa = PBXGroup;
			children = (
				BCD14E102BC21C2E00D884B7 /* SeasonListView.swift */,
			);
			path = View;
			sourceTree = "<group>";
		};
		BCD14E122BC2AE8E00D884B7 /* EpisodeDetail */ = {
			isa = PBXGroup;
			children = (
				BCD14E1A2BC2B02700D884B7 /* View */,
				BCD14E162BC2AF3800D884B7 /* ViewModel */,
			);
			path = EpisodeDetail;
			sourceTree = "<group>";
		};
		BCD14E162BC2AF3800D884B7 /* ViewModel */ = {
			isa = PBXGroup;
			children = (
				BCD14E172BC2AF5E00D884B7 /* EpisodeDetailViewModel.swift */,
			);
			path = ViewModel;
			sourceTree = "<group>";
		};
		BCD14E1A2BC2B02700D884B7 /* View */ = {
			isa = PBXGroup;
			children = (
				BCD14E1B2BC2B03A00D884B7 /* EpisodeDetailView.swift */,
			);
			path = View;
			sourceTree = "<group>";
		};
		BCD14E1E2BC2B7B800D884B7 /* VideoPlayer */ = {
			isa = PBXGroup;
			children = (
				BCD14E1F2BC2B7D900D884B7 /* VideoPlayerView.swift */,
			);
			path = VideoPlayer;
			sourceTree = "<group>";
		};
		BCD14E212BC2BDEF00D884B7 /* Helpers */ = {
			isa = PBXGroup;
			children = (
				BCD14E222BC2BDFA00D884B7 /* Extensions.swift */,
			);
			path = Helpers;
			sourceTree = "<group>";
		};
		BCF46D522BBDEA86004E53DD = {
			isa = PBXGroup;
			children = (
				BCF46D5D2BBDEA86004E53DD /* MovieDBSwiftUI */,
				BCF46D5C2BBDEA86004E53DD /* Products */,
				7258728867B47B7BFD85FA61 /* Pods */,
				8E02B18A819DA033242D1E84 /* Frameworks */,
			);
			sourceTree = "<group>";
		};
		BCF46D5C2BBDEA86004E53DD /* Products */ = {
			isa = PBXGroup;
			children = (
				BCF46D5B2BBDEA86004E53DD /* MovieDBSwiftUI.app */,
			);
			name = Products;
			sourceTree = "<group>";
		};
		BCF46D5D2BBDEA86004E53DD /* MovieDBSwiftUI */ = {
			isa = PBXGroup;
			children = (
				BCF46D622BBDEA88004E53DD /* Assets.xcassets */,
				BCF46D5E2BBDEA86004E53DD /* MovieDBSwiftUIApp.swift */,
				BCF46D602BBDEA86004E53DD /* ContentView.swift */,
				BCD14DEB2BC13F7C00D884B7 /* Constants.swift */,
				BCD14E212BC2BDEF00D884B7 /* Helpers */,
				BCF46D642BBDEA88004E53DD /* Preview Content */,
				BCD14E1E2BC2B7B800D884B7 /* VideoPlayer */,
				BCD14DF52BC1491700D884B7 /* Network */,
				BCD14E022BC1510100D884B7 /* Router */,
				BCD14E122BC2AE8E00D884B7 /* EpisodeDetail */,
				BCD14E052BC21A7200D884B7 /* SeasonList */,
				BCD14DF12BC148BA00D884B7 /* SeasonDetail */,
				BCD14DE32BC090FD00D884B7 /* ShowDetail */,
			);
			path = MovieDBSwiftUI;
			sourceTree = "<group>";
		};
		BCF46D642BBDEA88004E53DD /* Preview Content */ = {
			isa = PBXGroup;
			children = (
				BCF46D652BBDEA88004E53DD /* Preview Assets.xcassets */,
			);
			path = "Preview Content";
			sourceTree = "<group>";
		};
/* End PBXGroup section */

/* Begin PBXNativeTarget section */
		BCF46D5A2BBDEA86004E53DD /* MovieDBSwiftUI */ = {
			isa = PBXNativeTarget;
			buildConfigurationList = BCF46D692BBDEA88004E53DD /* Build configuration list for PBXNativeTarget "MovieDBSwiftUI" */;
			buildPhases = (
				BCCCEBEE1275565BDF4AE7BD /* [CP] Check Pods Manifest.lock */,
				BCF46D572BBDEA86004E53DD /* Sources */,
				BCF46D582BBDEA86004E53DD /* Frameworks */,
				BCF46D592BBDEA86004E53DD /* Resources */,
				BCF46DB12BBDF77E004E53DD /* Embed Frameworks */,
				59B06E4A78930F4DEAA40331 /* [CP] Embed Pods Frameworks */,
			);
			buildRules = (
			);
			dependencies = (
			);
			name = MovieDBSwiftUI;
			productName = MovieDBSwiftUI;
			productReference = BCF46D5B2BBDEA86004E53DD /* MovieDBSwiftUI.app */;
			productType = "com.apple.product-type.application";
		};
/* End PBXNativeTarget section */

/* Begin PBXProject section */
		BCF46D532BBDEA86004E53DD /* Project object */ = {
			isa = PBXProject;
			attributes = {
				BuildIndependentTargetsInParallel = 1;
				LastSwiftUpdateCheck = 1520;
				LastUpgradeCheck = 1520;
				TargetAttributes = {
					BCF46D5A2BBDEA86004E53DD = {
						CreatedOnToolsVersion = 15.2;
					};
				};
			};
			buildConfigurationList = BCF46D562BBDEA86004E53DD /* Build configuration list for PBXProject "MovieDBSwiftUI" */;
			compatibilityVersion = "Xcode 14.0";
			developmentRegion = en;
			hasScannedForEncodings = 0;
			knownRegions = (
				en,
				Base,
			);
			mainGroup = BCF46D522BBDEA86004E53DD;
			productRefGroup = BCF46D5C2BBDEA86004E53DD /* Products */;
			projectDirPath = "";
			projectRoot = "";
			targets = (
				BCF46D5A2BBDEA86004E53DD /* MovieDBSwiftUI */,
			);
		};
/* End PBXProject section */

/* Begin PBXResourcesBuildPhase section */
		BCF46D592BBDEA86004E53DD /* Resources */ = {
			isa = PBXResourcesBuildPhase;
			buildActionMask = 2147483647;
			files = (
				BCF46D662BBDEA88004E53DD /* Preview Assets.xcassets in Resources */,
				BCF46D632BBDEA88004E53DD /* Assets.xcassets in Resources */,
			);
			runOnlyForDeploymentPostprocessing = 0;
		};
/* End PBXResourcesBuildPhase section */

/* Begin PBXShellScriptBuildPhase section */
		59B06E4A78930F4DEAA40331 /* [CP] Embed Pods Frameworks */ = {
			isa = PBXShellScriptBuildPhase;
			buildActionMask = 2147483647;
			files = (
			);
			inputFileListPaths = (
				"${PODS_ROOT}/Target Support Files/Pods-MovieDBSwiftUI/Pods-MovieDBSwiftUI-frameworks-${CONFIGURATION}-input-files.xcfilelist",
			);
			name = "[CP] Embed Pods Frameworks";
			outputFileListPaths = (
				"${PODS_ROOT}/Target Support Files/Pods-MovieDBSwiftUI/Pods-MovieDBSwiftUI-frameworks-${CONFIGURATION}-output-files.xcfilelist",
			);
			runOnlyForDeploymentPostprocessing = 0;
			shellPath = /bin/sh;
			shellScript = "\"${PODS_ROOT}/Target Support Files/Pods-MovieDBSwiftUI/Pods-MovieDBSwiftUI-frameworks.sh\"\n";
			showEnvVarsInLog = 0;
		};
		BCCCEBEE1275565BDF4AE7BD /* [CP] Check Pods Manifest.lock */ = {
			isa = PBXShellScriptBuildPhase;
			buildActionMask = 2147483647;
			files = (
			);
			inputFileListPaths = (
			);
			inputPaths = (
				"${PODS_PODFILE_DIR_PATH}/Podfile.lock",
				"${PODS_ROOT}/Manifest.lock",
			);
			name = "[CP] Check Pods Manifest.lock";
			outputFileListPaths = (
			);
			outputPaths = (
				"$(DERIVED_FILE_DIR)/Pods-MovieDBSwiftUI-checkManifestLockResult.txt",
			);
			runOnlyForDeploymentPostprocessing = 0;
			shellPath = /bin/sh;
			shellScript = "diff \"${PODS_PODFILE_DIR_PATH}/Podfile.lock\" \"${PODS_ROOT}/Manifest.lock\" > /dev/null\nif [ $? != 0 ] ; then\n    # print error to STDERR\n    echo \"error: The sandbox is not in sync with the Podfile.lock. Run 'pod install' or update your CocoaPods installation.\" >&2\n    exit 1\nfi\n# This output is used by Xcode 'outputs' to avoid re-running this script phase.\necho \"SUCCESS\" > \"${SCRIPT_OUTPUT_FILE_0}\"\n";
			showEnvVarsInLog = 0;
		};
/* End PBXShellScriptBuildPhase section */

/* Begin PBXSourcesBuildPhase section */
		BCF46D572BBDEA86004E53DD /* Sources */ = {
			isa = PBXSourcesBuildPhase;
			buildActionMask = 2147483647;
			files = (
				BCD14DEA2BC09B0B00D884B7 /* ShowDetailView.swift in Sources */,
				BCD14E0B2BC21B6800D884B7 /* SeasonListCodable.swift in Sources */,
				BCD14E012BC14F8100D884B7 /* SeasonDetailCodable.swift in Sources */,
				BCF46D612BBDEA86004E53DD /* ContentView.swift in Sources */,
				BCF46D5F2BBDEA86004E53DD /* MovieDBSwiftUIApp.swift in Sources */,
				BCD14DF92BC14EE700D884B7 /* SeasonDetailView.swift in Sources */,
				BCD14DE72BC0911F00D884B7 /* ShowDetailCodable.swift in Sources */,
				BCD14DF72BC1493C00D884B7 /* NetworkServiceProtocol.swift in Sources */,
				BCD14DFE2BC14F1F00D884B7 /* SeasonDetailViewModel.swift in Sources */,
				BCD14E232BC2BDFA00D884B7 /* Extensions.swift in Sources */,
				BCD14DF42BC1490200D884B7 /* SeasonDetailService.swift in Sources */,
				BCD14E082BC21A9B00D884B7 /* SeasonListService.swift in Sources */,
				BCD14DEC2BC13F7C00D884B7 /* Constants.swift in Sources */,
				BCD14E042BC1511000D884B7 /* Router.swift in Sources */,
				BCD14E1C2BC2B03A00D884B7 /* EpisodeDetailView.swift in Sources */,
				BCD14DE22BC08B5000D884B7 /* EndPoint.swift in Sources */,
				BCD14E0E2BC21B9300D884B7 /* SeasonListViewModel.swift in Sources */,
				BCD14DE02BC08AEC00D884B7 /* ShowDetailViewModel.swift in Sources */,
				BCD14DEF2BC13FDB00D884B7 /* ShowDetailService.swift in Sources */,
				BCD14E112BC21C2E00D884B7 /* SeasonListView.swift in Sources */,
				BCD14E182BC2AF5E00D884B7 /* EpisodeDetailViewModel.swift in Sources */,
				BCD14E202BC2B7D900D884B7 /* VideoPlayerView.swift in Sources */,
			);
			runOnlyForDeploymentPostprocessing = 0;
		};
/* End PBXSourcesBuildPhase section */

/* Begin XCBuildConfiguration section */
		BCF46D672BBDEA88004E53DD /* Debug */ = {
			isa = XCBuildConfiguration;
			buildSettings = {
				ALWAYS_SEARCH_USER_PATHS = NO;
				ASSETCATALOG_COMPILER_GENERATE_SWIFT_ASSET_SYMBOL_EXTENSIONS = YES;
				CLANG_ANALYZER_NONNULL = YES;
				CLANG_ANALYZER_NUMBER_OBJECT_CONVERSION = YES_AGGRESSIVE;
				CLANG_CXX_LANGUAGE_STANDARD = "gnu++20";
				CLANG_ENABLE_MODULES = YES;
				CLANG_ENABLE_OBJC_ARC = YES;
				CLANG_ENABLE_OBJC_WEAK = YES;
				CLANG_WARN_BLOCK_CAPTURE_AUTORELEASING = YES;
				CLANG_WARN_BOOL_CONVERSION = YES;
				CLANG_WARN_COMMA = YES;
				CLANG_WARN_CONSTANT_CONVERSION = YES;
				CLANG_WARN_DEPRECATED_OBJC_IMPLEMENTATIONS = YES;
				CLANG_WARN_DIRECT_OBJC_ISA_USAGE = YES_ERROR;
				CLANG_WARN_DOCUMENTATION_COMMENTS = YES;
				CLANG_WARN_EMPTY_BODY = YES;
				CLANG_WARN_ENUM_CONVERSION = YES;
				CLANG_WARN_INFINITE_RECURSION = YES;
				CLANG_WARN_INT_CONVERSION = YES;
				CLANG_WARN_NON_LITERAL_NULL_CONVERSION = YES;
				CLANG_WARN_OBJC_IMPLICIT_RETAIN_SELF = YES;
				CLANG_WARN_OBJC_LITERAL_CONVERSION = YES;
				CLANG_WARN_OBJC_ROOT_CLASS = YES_ERROR;
				CLANG_WARN_QUOTED_INCLUDE_IN_FRAMEWORK_HEADER = YES;
				CLANG_WARN_RANGE_LOOP_ANALYSIS = YES;
				CLANG_WARN_STRICT_PROTOTYPES = YES;
				CLANG_WARN_SUSPICIOUS_MOVE = YES;
				CLANG_WARN_UNGUARDED_AVAILABILITY = YES_AGGRESSIVE;
				CLANG_WARN_UNREACHABLE_CODE = YES;
				CLANG_WARN__DUPLICATE_METHOD_MATCH = YES;
				COPY_PHASE_STRIP = NO;
				DEBUG_INFORMATION_FORMAT = dwarf;
				ENABLE_STRICT_OBJC_MSGSEND = YES;
				ENABLE_TESTABILITY = YES;
				ENABLE_USER_SCRIPT_SANDBOXING = YES;
				GCC_C_LANGUAGE_STANDARD = gnu17;
				GCC_DYNAMIC_NO_PIC = NO;
				GCC_NO_COMMON_BLOCKS = YES;
				GCC_OPTIMIZATION_LEVEL = 0;
				GCC_PREPROCESSOR_DEFINITIONS = (
					"DEBUG=1",
					"$(inherited)",
				);
				GCC_WARN_64_TO_32_BIT_CONVERSION = YES;
				GCC_WARN_ABOUT_RETURN_TYPE = YES_ERROR;
				GCC_WARN_UNDECLARED_SELECTOR = YES;
				GCC_WARN_UNINITIALIZED_AUTOS = YES_AGGRESSIVE;
				GCC_WARN_UNUSED_FUNCTION = YES;
				GCC_WARN_UNUSED_VARIABLE = YES;
				IPHONEOS_DEPLOYMENT_TARGET = 17.2;
				LOCALIZATION_PREFERS_STRING_CATALOGS = YES;
				MTL_ENABLE_DEBUG_INFO = INCLUDE_SOURCE;
				MTL_FAST_MATH = YES;
				ONLY_ACTIVE_ARCH = YES;
				SDKROOT = iphoneos;
				SWIFT_ACTIVE_COMPILATION_CONDITIONS = "DEBUG $(inherited)";
				SWIFT_OPTIMIZATION_LEVEL = "-Onone";
			};
			name = Debug;
		};
		BCF46D682BBDEA88004E53DD /* Release */ = {
			isa = XCBuildConfiguration;
			buildSettings = {
				ALWAYS_SEARCH_USER_PATHS = NO;
				ASSETCATALOG_COMPILER_GENERATE_SWIFT_ASSET_SYMBOL_EXTENSIONS = YES;
				CLANG_ANALYZER_NONNULL = YES;
				CLANG_ANALYZER_NUMBER_OBJECT_CONVERSION = YES_AGGRESSIVE;
				CLANG_CXX_LANGUAGE_STANDARD = "gnu++20";
				CLANG_ENABLE_MODULES = YES;
				CLANG_ENABLE_OBJC_ARC = YES;
				CLANG_ENABLE_OBJC_WEAK = YES;
				CLANG_WARN_BLOCK_CAPTURE_AUTORELEASING = YES;
				CLANG_WARN_BOOL_CONVERSION = YES;
				CLANG_WARN_COMMA = YES;
				CLANG_WARN_CONSTANT_CONVERSION = YES;
				CLANG_WARN_DEPRECATED_OBJC_IMPLEMENTATIONS = YES;
				CLANG_WARN_DIRECT_OBJC_ISA_USAGE = YES_ERROR;
				CLANG_WARN_DOCUMENTATION_COMMENTS = YES;
				CLANG_WARN_EMPTY_BODY = YES;
				CLANG_WARN_ENUM_CONVERSION = YES;
				CLANG_WARN_INFINITE_RECURSION = YES;
				CLANG_WARN_INT_CONVERSION = YES;
				CLANG_WARN_NON_LITERAL_NULL_CONVERSION = YES;
				CLANG_WARN_OBJC_IMPLICIT_RETAIN_SELF = YES;
				CLANG_WARN_OBJC_LITERAL_CONVERSION = YES;
				CLANG_WARN_OBJC_ROOT_CLASS = YES_ERROR;
				CLANG_WARN_QUOTED_INCLUDE_IN_FRAMEWORK_HEADER = YES;
				CLANG_WARN_RANGE_LOOP_ANALYSIS = YES;
				CLANG_WARN_STRICT_PROTOTYPES = YES;
				CLANG_WARN_SUSPICIOUS_MOVE = YES;
				CLANG_WARN_UNGUARDED_AVAILABILITY = YES_AGGRESSIVE;
				CLANG_WARN_UNREACHABLE_CODE = YES;
				CLANG_WARN__DUPLICATE_METHOD_MATCH = YES;
				COPY_PHASE_STRIP = NO;
				DEBUG_INFORMATION_FORMAT = "dwarf-with-dsym";
				ENABLE_NS_ASSERTIONS = NO;
				ENABLE_STRICT_OBJC_MSGSEND = YES;
				ENABLE_USER_SCRIPT_SANDBOXING = YES;
				GCC_C_LANGUAGE_STANDARD = gnu17;
				GCC_NO_COMMON_BLOCKS = YES;
				GCC_WARN_64_TO_32_BIT_CONVERSION = YES;
				GCC_WARN_ABOUT_RETURN_TYPE = YES_ERROR;
				GCC_WARN_UNDECLARED_SELECTOR = YES;
				GCC_WARN_UNINITIALIZED_AUTOS = YES_AGGRESSIVE;
				GCC_WARN_UNUSED_FUNCTION = YES;
				GCC_WARN_UNUSED_VARIABLE = YES;
				IPHONEOS_DEPLOYMENT_TARGET = 17.2;
				LOCALIZATION_PREFERS_STRING_CATALOGS = YES;
				MTL_ENABLE_DEBUG_INFO = NO;
				MTL_FAST_MATH = YES;
				SDKROOT = iphoneos;
				SWIFT_COMPILATION_MODE = wholemodule;
				VALIDATE_PRODUCT = YES;
			};
			name = Release;
		};
		BCF46D6A2BBDEA88004E53DD /* Debug */ = {
			isa = XCBuildConfiguration;
			baseConfigurationReference = 9739F8EB4A90EB1A0BD43038 /* Pods-MovieDBSwiftUI.debug.xcconfig */;
			buildSettings = {
				ASSETCATALOG_COMPILER_APPICON_NAME = AppIcon;
				ASSETCATALOG_COMPILER_GLOBAL_ACCENT_COLOR_NAME = AccentColor;
				CODE_SIGN_STYLE = Automatic;
				CURRENT_PROJECT_VERSION = 1;
				DEVELOPMENT_ASSET_PATHS = "\"MovieDBSwiftUI/Preview Content\"";
				ENABLE_PREVIEWS = YES;
				ENABLE_USER_SCRIPT_SANDBOXING = NO;
				FRAMEWORK_SEARCH_PATHS = (
					"$(inherited)",
					"$(PROJECT_DIR)/MovieDBSwiftUI",
				);
				GENERATE_INFOPLIST_FILE = YES;
				INFOPLIST_KEY_UIApplicationSceneManifest_Generation = YES;
				INFOPLIST_KEY_UIApplicationSupportsIndirectInputEvents = YES;
				INFOPLIST_KEY_UILaunchScreen_Generation = YES;
				INFOPLIST_KEY_UISupportedInterfaceOrientations = UIInterfaceOrientationPortrait;
				INFOPLIST_KEY_UISupportedInterfaceOrientations_iPad = "UIInterfaceOrientationLandscapeLeft UIInterfaceOrientationPortrait";
				IPHONEOS_DEPLOYMENT_TARGET = 15.0;
				LD_RUNPATH_SEARCH_PATHS = (
					"$(inherited)",
					"@executable_path/Frameworks",
				);
				MARKETING_VERSION = 1.0;
				PRODUCT_BUNDLE_IDENTIFIER = com.irfan.MovieDBSwiftUI;
				PRODUCT_NAME = "$(TARGET_NAME)";
				SUPPORTED_PLATFORMS = "iphoneos iphonesimulator";
				SUPPORTS_MACCATALYST = NO;
				SUPPORTS_MAC_DESIGNED_FOR_IPHONE_IPAD = NO;
				SUPPORTS_XR_DESIGNED_FOR_IPHONE_IPAD = NO;
				SWIFT_EMIT_LOC_STRINGS = YES;
				SWIFT_VERSION = 5.0;
				TARGETED_DEVICE_FAMILY = 1;
			};
			name = Debug;
		};
		BCF46D6B2BBDEA88004E53DD /* Release */ = {
			isa = XCBuildConfiguration;
			baseConfigurationReference = 56BCF181BB7E1B17C044E85E /* Pods-MovieDBSwiftUI.release.xcconfig */;
			buildSettings = {
				ASSETCATALOG_COMPILER_APPICON_NAME = AppIcon;
				ASSETCATALOG_COMPILER_GLOBAL_ACCENT_COLOR_NAME = AccentColor;
				CODE_SIGN_STYLE = Automatic;
				CURRENT_PROJECT_VERSION = 1;
				DEVELOPMENT_ASSET_PATHS = "\"MovieDBSwiftUI/Preview Content\"";
				ENABLE_PREVIEWS = YES;
				ENABLE_USER_SCRIPT_SANDBOXING = NO;
				FRAMEWORK_SEARCH_PATHS = (
					"$(inherited)",
					"$(PROJECT_DIR)/MovieDBSwiftUI",
				);
				GENERATE_INFOPLIST_FILE = YES;
				INFOPLIST_KEY_UIApplicationSceneManifest_Generation = YES;
				INFOPLIST_KEY_UIApplicationSupportsIndirectInputEvents = YES;
				INFOPLIST_KEY_UILaunchScreen_Generation = YES;
				INFOPLIST_KEY_UISupportedInterfaceOrientations = UIInterfaceOrientationPortrait;
				INFOPLIST_KEY_UISupportedInterfaceOrientations_iPad = "UIInterfaceOrientationLandscapeLeft UIInterfaceOrientationPortrait";
				IPHONEOS_DEPLOYMENT_TARGET = 15.0;
				LD_RUNPATH_SEARCH_PATHS = (
					"$(inherited)",
					"@executable_path/Frameworks",
				);
				MARKETING_VERSION = 1.0;
				PRODUCT_BUNDLE_IDENTIFIER = com.irfan.MovieDBSwiftUI;
				PRODUCT_NAME = "$(TARGET_NAME)";
				SUPPORTED_PLATFORMS = "iphoneos iphonesimulator";
				SUPPORTS_MACCATALYST = NO;
				SUPPORTS_MAC_DESIGNED_FOR_IPHONE_IPAD = NO;
				SUPPORTS_XR_DESIGNED_FOR_IPHONE_IPAD = NO;
				SWIFT_EMIT_LOC_STRINGS = YES;
				SWIFT_VERSION = 5.0;
				TARGETED_DEVICE_FAMILY = 1;
			};
			name = Release;
		};
/* End XCBuildConfiguration section */

/* Begin XCConfigurationList section */
		BCF46D562BBDEA86004E53DD /* Build configuration list for PBXProject "MovieDBSwiftUI" */ = {
			isa = XCConfigurationList;
			buildConfigurations = (
				BCF46D672BBDEA88004E53DD /* Debug */,
				BCF46D682BBDEA88004E53DD /* Release */,
			);
			defaultConfigurationIsVisible = 0;
			defaultConfigurationName = Release;
		};
		BCF46D692BBDEA88004E53DD /* Build configuration list for PBXNativeTarget "MovieDBSwiftUI" */ = {
			isa = XCConfigurationList;
			buildConfigurations = (
				BCF46D6A2BBDEA88004E53DD /* Debug */,
				BCF46D6B2BBDEA88004E53DD /* Release */,
			);
			defaultConfigurationIsVisible = 0;
			defaultConfigurationName = Release;
		};
/* End XCConfigurationList section */
	};
	rootObject = BCF46D532BBDEA86004E53DD /* Project object */;
}
